
Microsoft Visual Studio Solution File, Format Version 12.00
# Visual Studio Version 17
VisualStudioVersion = 17.0.31903.59
MinimumVisualStudioVersion = 10.0.40219.1
Project("{2150E333-8FDC-42A3-9474-1A3956D46DE8}") = "src", "src", "{FAD632A4-EB75-4272-A963-39A953A3A958}"
EndProject
Project("{FAE04EC0-301F-11D3-BF4B-00C04F79EFBC}") = "MyApp", "src\MyApp\MyApp.csproj", "{1C2AB3F3-2126-4CC3-818D-43117E0FA225}"
EndProject
Global
	GlobalSection(SolutionConfigurationPlatforms) = preSolution
		Debug|Any CPU = Debug|Any CPU
		Release|Any CPU = Release|Any CPU
	EndGlobalSection
	GlobalSection(SolutionProperties) = preSolution
		HideSolutionNode = FALSE
	EndGlobalSection
	GlobalSection(ProjectConfigurationPlatforms) = postSolution
		{1C2AB3F3-2126-4CC3-818D-43117E0FA225}.Debug|Any CPU.ActiveCfg = Debug|Any CPU
		{1C2AB3F3-2126-4CC3-818D-43117E0FA225}.Debug|Any CPU.Build.0 = Debug|Any CPU
		{1C2AB3F3-2126-4CC3-818D-43117E0FA225}.Release|Any CPU.ActiveCfg = Release|Any CPU
		{1C2AB3F3-2126-4CC3-818D-43117E0FA225}.Release|Any CPU.Build.0 = Release|Any CPU
	EndGlobalSection
	GlobalSection(NestedProjects) = preSolution
		{1C2AB3F3-2126-4CC3-818D-43117E0FA225} = {FAD632A4-EB75-4272-A963-39A953A3A958}
	EndGlobalSection
EndGlobal
